// !$*UTF8*$!
{
	archiveVersion = 1;
	classes = {
	};
	objectVersion = 46;
	objects = {

/* Begin PBXBuildFile section */
		0C1AC5A81011DA4D53035F63 /* Pods.framework in Frameworks */ = {isa = PBXBuildFile; fileRef = 625AA9A336B60D73958D393B /* Pods.framework */; };
		E14B9AF41C3DC9190005F7C1 /* Bolts.framework in Frameworks */ = {isa = PBXBuildFile; fileRef = E14B9AF31C3DC9190005F7C1 /* Bolts.framework */; };
		E14B9AF61C3DC91D0005F7C1 /* Parse.framework in Frameworks */ = {isa = PBXBuildFile; fileRef = E14B9AF51C3DC91D0005F7C1 /* Parse.framework */; };
		E14B9AF81C3DCD820005F7C1 /* EventsViewController.swift in Sources */ = {isa = PBXBuildFile; fileRef = E14B9AF71C3DCD820005F7C1 /* EventsViewController.swift */; };
		E14B9AFA1C3DCD8F0005F7C1 /* CitiesViewController.swift in Sources */ = {isa = PBXBuildFile; fileRef = E14B9AF91C3DCD8F0005F7C1 /* CitiesViewController.swift */; };
		E14B9AFC1C3DD25B0005F7C1 /* ParseHelper.swift in Sources */ = {isa = PBXBuildFile; fileRef = E14B9AFB1C3DD25B0005F7C1 /* ParseHelper.swift */; };
		E15757BE1C3DC66900B58017 /* AppDelegate.swift in Sources */ = {isa = PBXBuildFile; fileRef = E15757BD1C3DC66900B58017 /* AppDelegate.swift */; };
		E15757C01C3DC66900B58017 /* ViewController.swift in Sources */ = {isa = PBXBuildFile; fileRef = E15757BF1C3DC66900B58017 /* ViewController.swift */; };
		E15757C31C3DC66900B58017 /* Main.storyboard in Resources */ = {isa = PBXBuildFile; fileRef = E15757C11C3DC66900B58017 /* Main.storyboard */; };
		E15757C51C3DC66900B58017 /* Assets.xcassets in Resources */ = {isa = PBXBuildFile; fileRef = E15757C41C3DC66900B58017 /* Assets.xcassets */; };
		E15757C81C3DC66900B58017 /* LaunchScreen.storyboard in Resources */ = {isa = PBXBuildFile; fileRef = E15757C61C3DC66900B58017 /* LaunchScreen.storyboard */; };
		E15757D31C3DC66900B58017 /* TickTateChallengeTests.swift in Sources */ = {isa = PBXBuildFile; fileRef = E15757D21C3DC66900B58017 /* TickTateChallengeTests.swift */; };
		E15757DE1C3DC66900B58017 /* TickTateChallengeUITests.swift in Sources */ = {isa = PBXBuildFile; fileRef = E15757DD1C3DC66900B58017 /* TickTateChallengeUITests.swift */; };
/* End PBXBuildFile section */

/* Begin PBXContainerItemProxy section */
		E15757CF1C3DC66900B58017 /* PBXContainerItemProxy */ = {
			isa = PBXContainerItemProxy;
			containerPortal = E15757B21C3DC66900B58017 /* Project object */;
			proxyType = 1;
			remoteGlobalIDString = E15757B91C3DC66900B58017;
			remoteInfo = TickTateChallenge;
		};
		E15757DA1C3DC66900B58017 /* PBXContainerItemProxy */ = {
			isa = PBXContainerItemProxy;
			containerPortal = E15757B21C3DC66900B58017 /* Project object */;
			proxyType = 1;
			remoteGlobalIDString = E15757B91C3DC66900B58017;
			remoteInfo = TickTateChallenge;
		};
/* End PBXContainerItemProxy section */

/* Begin PBXFileReference section */
		625AA9A336B60D73958D393B /* Pods.framework */ = {isa = PBXFileReference; explicitFileType = wrapper.framework; includeInIndex = 0; path = Pods.framework; sourceTree = BUILT_PRODUCTS_DIR; };
		CFE1CB7513844C9D50A5A99F /* Pods.release.xcconfig */ = {isa = PBXFileReference; includeInIndex = 1; lastKnownFileType = text.xcconfig; name = Pods.release.xcconfig; path = "Pods/Target Support Files/Pods/Pods.release.xcconfig"; sourceTree = "<group>"; };
		E14B9AF31C3DC9190005F7C1 /* Bolts.framework */ = {isa = PBXFileReference; lastKnownFileType = wrapper.framework; name = Bolts.framework; path = "Pods/../build/Debug-iphoneos/Bolts.framework"; sourceTree = "<group>"; };
		E14B9AF51C3DC91D0005F7C1 /* Parse.framework */ = {isa = PBXFileReference; lastKnownFileType = wrapper.framework; name = Parse.framework; path = "Pods/../build/Debug-iphoneos/Parse.framework"; sourceTree = "<group>"; };
		E14B9AF71C3DCD820005F7C1 /* EventsViewController.swift */ = {isa = PBXFileReference; fileEncoding = 4; lastKnownFileType = sourcecode.swift; path = EventsViewController.swift; sourceTree = "<group>"; };
		E14B9AF91C3DCD8F0005F7C1 /* CitiesViewController.swift */ = {isa = PBXFileReference; fileEncoding = 4; lastKnownFileType = sourcecode.swift; path = CitiesViewController.swift; sourceTree = "<group>"; };
		E14B9AFB1C3DD25B0005F7C1 /* ParseHelper.swift */ = {isa = PBXFileReference; fileEncoding = 4; lastKnownFileType = sourcecode.swift; path = ParseHelper.swift; sourceTree = "<group>"; };
		E1511B87C8906B2793790336 /* Pods.debug.xcconfig */ = {isa = PBXFileReference; includeInIndex = 1; lastKnownFileType = text.xcconfig; name = Pods.debug.xcconfig; path = "Pods/Target Support Files/Pods/Pods.debug.xcconfig"; sourceTree = "<group>"; };
		E15757BA1C3DC66900B58017 /* TickTateChallenge.app */ = {isa = PBXFileReference; explicitFileType = wrapper.application; includeInIndex = 0; path = TickTateChallenge.app; sourceTree = BUILT_PRODUCTS_DIR; };
		E15757BD1C3DC66900B58017 /* AppDelegate.swift */ = {isa = PBXFileReference; lastKnownFileType = sourcecode.swift; path = AppDelegate.swift; sourceTree = "<group>"; };
		E15757BF1C3DC66900B58017 /* ViewController.swift */ = {isa = PBXFileReference; lastKnownFileType = sourcecode.swift; path = ViewController.swift; sourceTree = "<group>"; };
		E15757C21C3DC66900B58017 /* Base */ = {isa = PBXFileReference; lastKnownFileType = file.storyboard; name = Base; path = Base.lproj/Main.storyboard; sourceTree = "<group>"; };
		E15757C41C3DC66900B58017 /* Assets.xcassets */ = {isa = PBXFileReference; lastKnownFileType = folder.assetcatalog; path = Assets.xcassets; sourceTree = "<group>"; };
		E15757C71C3DC66900B58017 /* Base */ = {isa = PBXFileReference; lastKnownFileType = file.storyboard; name = Base; path = Base.lproj/LaunchScreen.storyboard; sourceTree = "<group>"; };
		E15757C91C3DC66900B58017 /* Info.plist */ = {isa = PBXFileReference; lastKnownFileType = text.plist.xml; path = Info.plist; sourceTree = "<group>"; };
		E15757CE1C3DC66900B58017 /* TickTateChallengeTests.xctest */ = {isa = PBXFileReference; explicitFileType = wrapper.cfbundle; includeInIndex = 0; path = TickTateChallengeTests.xctest; sourceTree = BUILT_PRODUCTS_DIR; };
		E15757D21C3DC66900B58017 /* TickTateChallengeTests.swift */ = {isa = PBXFileReference; lastKnownFileType = sourcecode.swift; path = TickTateChallengeTests.swift; sourceTree = "<group>"; };
		E15757D41C3DC66900B58017 /* Info.plist */ = {isa = PBXFileReference; lastKnownFileType = text.plist.xml; path = Info.plist; sourceTree = "<group>"; };
		E15757D91C3DC66900B58017 /* TickTateChallengeUITests.xctest */ = {isa = PBXFileReference; explicitFileType = wrapper.cfbundle; includeInIndex = 0; path = TickTateChallengeUITests.xctest; sourceTree = BUILT_PRODUCTS_DIR; };
		E15757DD1C3DC66900B58017 /* TickTateChallengeUITests.swift */ = {isa = PBXFileReference; lastKnownFileType = sourcecode.swift; path = TickTateChallengeUITests.swift; sourceTree = "<group>"; };
		E15757DF1C3DC66900B58017 /* Info.plist */ = {isa = PBXFileReference; lastKnownFileType = text.plist.xml; path = Info.plist; sourceTree = "<group>"; };
/* End PBXFileReference section */

/* Begin PBXFrameworksBuildPhase section */
		E15757B71C3DC66900B58017 /* Frameworks */ = {
			isa = PBXFrameworksBuildPhase;
			buildActionMask = 2147483647;
			files = (
				E14B9AF61C3DC91D0005F7C1 /* Parse.framework in Frameworks */,
				E14B9AF41C3DC9190005F7C1 /* Bolts.framework in Frameworks */,
				0C1AC5A81011DA4D53035F63 /* Pods.framework in Frameworks */,
			);
			runOnlyForDeploymentPostprocessing = 0;
		};
		E15757CB1C3DC66900B58017 /* Frameworks */ = {
			isa = PBXFrameworksBuildPhase;
			buildActionMask = 2147483647;
			files = (
			);
			runOnlyForDeploymentPostprocessing = 0;
		};
		E15757D61C3DC66900B58017 /* Frameworks */ = {
			isa = PBXFrameworksBuildPhase;
			buildActionMask = 2147483647;
			files = (
			);
			runOnlyForDeploymentPostprocessing = 0;
		};
/* End PBXFrameworksBuildPhase section */

/* Begin PBXGroup section */
		7AB2904DBC5D552A5B19FEBA /* Frameworks */ = {
			isa = PBXGroup;
			children = (
				E14B9AF51C3DC91D0005F7C1 /* Parse.framework */,
				E14B9AF31C3DC9190005F7C1 /* Bolts.framework */,
				625AA9A336B60D73958D393B /* Pods.framework */,
			);
			name = Frameworks;
			sourceTree = "<group>";
		};
		E15757B11C3DC66900B58017 = {
			isa = PBXGroup;
			children = (
				E15757BC1C3DC66900B58017 /* TickTateChallenge */,
				E15757D11C3DC66900B58017 /* TickTateChallengeTests */,
				E15757DC1C3DC66900B58017 /* TickTateChallengeUITests */,
				E15757BB1C3DC66900B58017 /* Products */,
				FBC6603287AE13F71C10877C /* Pods */,
				7AB2904DBC5D552A5B19FEBA /* Frameworks */,
			);
			sourceTree = "<group>";
		};
		E15757BB1C3DC66900B58017 /* Products */ = {
			isa = PBXGroup;
			children = (
				E15757BA1C3DC66900B58017 /* TickTateChallenge.app */,
				E15757CE1C3DC66900B58017 /* TickTateChallengeTests.xctest */,
				E15757D91C3DC66900B58017 /* TickTateChallengeUITests.xctest */,
			);
			name = Products;
			sourceTree = "<group>";
		};
		E15757BC1C3DC66900B58017 /* TickTateChallenge */ = {
			isa = PBXGroup;
			children = (
				E15757BD1C3DC66900B58017 /* AppDelegate.swift */,
				E15757BF1C3DC66900B58017 /* ViewController.swift */,
				E14B9AF71C3DCD820005F7C1 /* EventsViewController.swift */,
				E14B9AFB1C3DD25B0005F7C1 /* ParseHelper.swift */,
				E14B9AF91C3DCD8F0005F7C1 /* CitiesViewController.swift */,
				E15757C11C3DC66900B58017 /* Main.storyboard */,
				E15757C41C3DC66900B58017 /* Assets.xcassets */,
				E15757C61C3DC66900B58017 /* LaunchScreen.storyboard */,
				E15757C91C3DC66900B58017 /* Info.plist */,
			);
			path = TickTateChallenge;
			sourceTree = "<group>";
		};
		E15757D11C3DC66900B58017 /* TickTateChallengeTests */ = {
			isa = PBXGroup;
			children = (
				E15757D21C3DC66900B58017 /* TickTateChallengeTests.swift */,
				E15757D41C3DC66900B58017 /* Info.plist */,
			);
			path = TickTateChallengeTests;
			sourceTree = "<group>";
		};
		E15757DC1C3DC66900B58017 /* TickTateChallengeUITests */ = {
			isa = PBXGroup;
			children = (
				E15757DD1C3DC66900B58017 /* TickTateChallengeUITests.swift */,
				E15757DF1C3DC66900B58017 /* Info.plist */,
			);
			path = TickTateChallengeUITests;
			sourceTree = "<group>";
		};
		FBC6603287AE13F71C10877C /* Pods */ = {
			isa = PBXGroup;
			children = (
				E1511B87C8906B2793790336 /* Pods.debug.xcconfig */,
				CFE1CB7513844C9D50A5A99F /* Pods.release.xcconfig */,
			);
			name = Pods;
			sourceTree = "<group>";
		};
/* End PBXGroup section */

/* Begin PBXNativeTarget section */
		E15757B91C3DC66900B58017 /* TickTateChallenge */ = {
			isa = PBXNativeTarget;
			buildConfigurationList = E15757E21C3DC66900B58017 /* Build configuration list for PBXNativeTarget "TickTateChallenge" */;
			buildPhases = (
				8BCEB50FD6417588B855E18D /* Check Pods Manifest.lock */,
				E15757B61C3DC66900B58017 /* Sources */,
				E15757B71C3DC66900B58017 /* Frameworks */,
				E15757B81C3DC66900B58017 /* Resources */,
				CEDBA039307CBB40E7F70247 /* Embed Pods Frameworks */,
				165537D6836A0DA6A4A5EEFC /* Copy Pods Resources */,
			);
			buildRules = (
			);
			dependencies = (
			);
			name = TickTateChallenge;
			productName = TickTateChallenge;
			productReference = E15757BA1C3DC66900B58017 /* TickTateChallenge.app */;
			productType = "com.apple.product-type.application";
		};
		E15757CD1C3DC66900B58017 /* TickTateChallengeTests */ = {
			isa = PBXNativeTarget;
			buildConfigurationList = E15757E51C3DC66900B58017 /* Build configuration list for PBXNativeTarget "TickTateChallengeTests" */;
			buildPhases = (
				E15757CA1C3DC66900B58017 /* Sources */,
				E15757CB1C3DC66900B58017 /* Frameworks */,
				E15757CC1C3DC66900B58017 /* Resources */,
			);
			buildRules = (
			);
			dependencies = (
				E15757D01C3DC66900B58017 /* PBXTargetDependency */,
			);
			name = TickTateChallengeTests;
			productName = TickTateChallengeTests;
			productReference = E15757CE1C3DC66900B58017 /* TickTateChallengeTests.xctest */;
			productType = "com.apple.product-type.bundle.unit-test";
		};
		E15757D81C3DC66900B58017 /* TickTateChallengeUITests */ = {
			isa = PBXNativeTarget;
			buildConfigurationList = E15757E81C3DC66900B58017 /* Build configuration list for PBXNativeTarget "TickTateChallengeUITests" */;
			buildPhases = (
				E15757D51C3DC66900B58017 /* Sources */,
				E15757D61C3DC66900B58017 /* Frameworks */,
				E15757D71C3DC66900B58017 /* Resources */,
			);
			buildRules = (
			);
			dependencies = (
				E15757DB1C3DC66900B58017 /* PBXTargetDependency */,
			);
			name = TickTateChallengeUITests;
			productName = TickTateChallengeUITests;
			productReference = E15757D91C3DC66900B58017 /* TickTateChallengeUITests.xctest */;
			productType = "com.apple.product-type.bundle.ui-testing";
		};
/* End PBXNativeTarget section */

/* Begin PBXProject section */
		E15757B21C3DC66900B58017 /* Project object */ = {
			isa = PBXProject;
			attributes = {
				LastSwiftUpdateCheck = 0720;
				LastUpgradeCheck = 0720;
				ORGANIZATIONNAME = mparrish;
				TargetAttributes = {
					E15757B91C3DC66900B58017 = {
						CreatedOnToolsVersion = 7.2;
					};
					E15757CD1C3DC66900B58017 = {
						CreatedOnToolsVersion = 7.2;
						TestTargetID = E15757B91C3DC66900B58017;
					};
					E15757D81C3DC66900B58017 = {
						CreatedOnToolsVersion = 7.2;
						TestTargetID = E15757B91C3DC66900B58017;
					};
				};
			};
			buildConfigurationList = E15757B51C3DC66900B58017 /* Build configuration list for PBXProject "TickTateChallenge" */;
			compatibilityVersion = "Xcode 3.2";
			developmentRegion = English;
			hasScannedForEncodings = 0;
			knownRegions = (
				en,
				Base,
			);
			mainGroup = E15757B11C3DC66900B58017;
			productRefGroup = E15757BB1C3DC66900B58017 /* Products */;
			projectDirPath = "";
			projectRoot = "";
			targets = (
				E15757B91C3DC66900B58017 /* TickTateChallenge */,
				E15757CD1C3DC66900B58017 /* TickTateChallengeTests */,
				E15757D81C3DC66900B58017 /* TickTateChallengeUITests */,
			);
		};
/* End PBXProject section */

/* Begin PBXResourcesBuildPhase section */
		E15757B81C3DC66900B58017 /* Resources */ = {
			isa = PBXResourcesBuildPhase;
			buildActionMask = 2147483647;
			files = (
				E15757C81C3DC66900B58017 /* LaunchScreen.storyboard in Resources */,
				E15757C51C3DC66900B58017 /* Assets.xcassets in Resources */,
				E15757C31C3DC66900B58017 /* Main.storyboard in Resources */,
			);
			runOnlyForDeploymentPostprocessing = 0;
		};
		E15757CC1C3DC66900B58017 /* Resources */ = {
			isa = PBXResourcesBuildPhase;
			buildActionMask = 2147483647;
			files = (
			);
			runOnlyForDeploymentPostprocessing = 0;
		};
		E15757D71C3DC66900B58017 /* Resources */ = {
			isa = PBXResourcesBuildPhase;
			buildActionMask = 2147483647;
			files = (
			);
			runOnlyForDeploymentPostprocessing = 0;
		};
/* End PBXResourcesBuildPhase section */

/* Begin PBXShellScriptBuildPhase section */
		165537D6836A0DA6A4A5EEFC /* Copy Pods Resources */ = {
			isa = PBXShellScriptBuildPhase;
			buildActionMask = 2147483647;
			files = (
			);
			inputPaths = (
			);
			name = "Copy Pods Resources";
			outputPaths = (
			);
			runOnlyForDeploymentPostprocessing = 0;
			shellPath = /bin/sh;
			shellScript = "\"${SRCROOT}/Pods/Target Support Files/Pods/Pods-resources.sh\"\n";
			showEnvVarsInLog = 0;
		};
		8BCEB50FD6417588B855E18D /* Check Pods Manifest.lock */ = {
			isa = PBXShellScriptBuildPhase;
			buildActionMask = 2147483647;
			files = (
			);
			inputPaths = (
			);
			name = "Check Pods Manifest.lock";
			outputPaths = (
			);
			runOnlyForDeploymentPostprocessing = 0;
			shellPath = /bin/sh;
			shellScript = "diff \"${PODS_ROOT}/../Podfile.lock\" \"${PODS_ROOT}/Manifest.lock\" > /dev/null\nif [[ $? != 0 ]] ; then\n    cat << EOM\nerror: The sandbox is not in sync with the Podfile.lock. Run 'pod install' or update your CocoaPods installation.\nEOM\n    exit 1\nfi\n";
			showEnvVarsInLog = 0;
		};
		CEDBA039307CBB40E7F70247 /* Embed Pods Frameworks */ = {
			isa = PBXShellScriptBuildPhase;
			buildActionMask = 2147483647;
			files = (
			);
			inputPaths = (
			);
			name = "Embed Pods Frameworks";
			outputPaths = (
			);
			runOnlyForDeploymentPostprocessing = 0;
			shellPath = /bin/sh;
			shellScript = "\"${SRCROOT}/Pods/Target Support Files/Pods/Pods-frameworks.sh\"\n";
			showEnvVarsInLog = 0;
		};
/* End PBXShellScriptBuildPhase section */

/* Begin PBXSourcesBuildPhase section */
		E15757B61C3DC66900B58017 /* Sources */ = {
			isa = PBXSourcesBuildPhase;
			buildActionMask = 2147483647;
			files = (
				E15757C01C3DC66900B58017 /* ViewController.swift in Sources */,
				E14B9AFA1C3DCD8F0005F7C1 /* CitiesViewController.swift in Sources */,
				E15757BE1C3DC66900B58017 /* AppDelegate.swift in Sources */,
				E14B9AF81C3DCD820005F7C1 /* EventsViewController.swift in Sources */,
				E14B9AFC1C3DD25B0005F7C1 /* ParseHelper.swift in Sources */,
			);
			runOnlyForDeploymentPostprocessing = 0;
		};
		E15757CA1C3DC66900B58017 /* Sources */ = {
			isa = PBXSourcesBuildPhase;
			buildActionMask = 2147483647;
			files = (
				E15757D31C3DC66900B58017 /* TickTateChallengeTests.swift in Sources */,
			);
			runOnlyForDeploymentPostprocessing = 0;
		};
		E15757D51C3DC66900B58017 /* Sources */ = {
			isa = PBXSourcesBuildPhase;
			buildActionMask = 2147483647;
			files = (
				E15757DE1C3DC66900B58017 /* TickTateChallengeUITests.swift in Sources */,
			);
			runOnlyForDeploymentPostprocessing = 0;
		};
/* End PBXSourcesBuildPhase section */

/* Begin PBXTargetDependency section */
		E15757D01C3DC66900B58017 /* PBXTargetDependency */ = {
			isa = PBXTargetDependency;
			target = E15757B91C3DC66900B58017 /* TickTateChallenge */;
			targetProxy = E15757CF1C3DC66900B58017 /* PBXContainerItemProxy */;
		};
		E15757DB1C3DC66900B58017 /* PBXTargetDependency */ = {
			isa = PBXTargetDependency;
			target = E15757B91C3DC66900B58017 /* TickTateChallenge */;
			targetProxy = E15757DA1C3DC66900B58017 /* PBXContainerItemProxy */;
		};
/* End PBXTargetDependency section */

/* Begin PBXVariantGroup section */
		E15757C11C3DC66900B58017 /* Main.storyboard */ = {
			isa = PBXVariantGroup;
			children = (
				E15757C21C3DC66900B58017 /* Base */,
			);
			name = Main.storyboard;
			sourceTree = "<group>";
		};
		E15757C61C3DC66900B58017 /* LaunchScreen.storyboard */ = {
			isa = PBXVariantGroup;
			children = (
				E15757C71C3DC66900B58017 /* Base */,
			);
			name = LaunchScreen.storyboard;
			sourceTree = "<group>";
		};
/* End PBXVariantGroup section */

/* Begin XCBuildConfiguration section */
		E15757E01C3DC66900B58017 /* Debug */ = {
			isa = XCBuildConfiguration;
			buildSettings = {
				ALWAYS_SEARCH_USER_PATHS = NO;
				CLANG_CXX_LANGUAGE_STANDARD = "gnu++0x";
				CLANG_CXX_LIBRARY = "libc++";
				CLANG_ENABLE_MODULES = YES;
				CLANG_ENABLE_OBJC_ARC = YES;
				CLANG_WARN_BOOL_CONVERSION = YES;
				CLANG_WARN_CONSTANT_CONVERSION = YES;
				CLANG_WARN_DIRECT_OBJC_ISA_USAGE = YES_ERROR;
				CLANG_WARN_EMPTY_BODY = YES;
				CLANG_WARN_ENUM_CONVERSION = YES;
				CLANG_WARN_INT_CONVERSION = YES;
				CLANG_WARN_OBJC_ROOT_CLASS = YES_ERROR;
				CLANG_WARN_UNREACHABLE_CODE = YES;
				CLANG_WARN__DUPLICATE_METHOD_MATCH = YES;
				"CODE_SIGN_IDENTITY[sdk=iphoneos*]" = "iPhone Developer";
				COPY_PHASE_STRIP = NO;
				DEBUG_INFORMATION_FORMAT = dwarf;
				ENABLE_STRICT_OBJC_MSGSEND = YES;
				ENABLE_TESTABILITY = YES;
				GCC_C_LANGUAGE_STANDARD = gnu99;
				GCC_DYNAMIC_NO_PIC = NO;
				GCC_NO_COMMON_BLOCKS = YES;
				GCC_OPTIMIZATION_LEVEL = 0;
				GCC_PREPROCESSOR_DEFINITIONS = (
					"DEBUG=1",
					"$(inherited)",
				);
				GCC_WARN_64_TO_32_BIT_CONVERSION = YES;
				GCC_WARN_ABOUT_RETURN_TYPE = YES_ERROR;
				GCC_WARN_UNDECLARED_SELECTOR = YES;
				GCC_WARN_UNINITIALIZED_AUTOS = YES_AGGRESSIVE;
				GCC_WARN_UNUSED_FUNCTION = YES;
				GCC_WARN_UNUSED_VARIABLE = YES;
				IPHONEOS_DEPLOYMENT_TARGET = 9.2;
				MTL_ENABLE_DEBUG_INFO = YES;
				ONLY_ACTIVE_ARCH = YES;
				SDKROOT = iphoneos;
				SWIFT_OPTIMIZATION_LEVEL = "-Onone";
				TARGETED_DEVICE_FAMILY = "1,2";
			};
			name = Debug;
		};
		E15757E11C3DC66900B58017 /* Release */ = {
			isa = XCBuildConfiguration;
			buildSettings = {
				ALWAYS_SEARCH_USER_PATHS = NO;
				CLANG_CXX_LANGUAGE_STANDARD = "gnu++0x";
				CLANG_CXX_LIBRARY = "libc++";
				CLANG_ENABLE_MODULES = YES;
				CLANG_ENABLE_OBJC_ARC = YES;
				CLANG_WARN_BOOL_CONVERSION = YES;
				CLANG_WARN_CONSTANT_CONVERSION = YES;
				CLANG_WARN_DIRECT_OBJC_ISA_USAGE = YES_ERROR;
				CLANG_WARN_EMPTY_BODY = YES;
				CLANG_WARN_ENUM_CONVERSION = YES;
				CLANG_WARN_INT_CONVERSION = YES;
				CLANG_WARN_OBJC_ROOT_CLASS = YES_ERROR;
				CLANG_WARN_UNREACHABLE_CODE = YES;
				CLANG_WARN__DUPLICATE_METHOD_MATCH = YES;
				"CODE_SIGN_IDENTITY[sdk=iphoneos*]" = "iPhone Developer";
				COPY_PHASE_STRIP = NO;
				DEBUG_INFORMATION_FORMAT = "dwarf-with-dsym";
				ENABLE_NS_ASSERTIONS = NO;
				ENABLE_STRICT_OBJC_MSGSEND = YES;
				GCC_C_LANGUAGE_STANDARD = gnu99;
				GCC_NO_COMMON_BLOCKS = YES;
				GCC_WARN_64_TO_32_BIT_CONVERSION = YES;
				GCC_WARN_ABOUT_RETURN_TYPE = YES_ERROR;
				GCC_WARN_UNDECLARED_SELECTOR = YES;
				GCC_WARN_UNINITIALIZED_AUTOS = YES_AGGRESSIVE;
				GCC_WARN_UNUSED_FUNCTION = YES;
				GCC_WARN_UNUSED_VARIABLE = YES;
				IPHONEOS_DEPLOYMENT_TARGET = 9.2;
				MTL_ENABLE_DEBUG_INFO = NO;
				SDKROOT = iphoneos;
				TARGETED_DEVICE_FAMILY = "1,2";
				VALIDATE_PRODUCT = YES;
			};
			name = Release;
		};
		E15757E31C3DC66900B58017 /* Debug */ = {
			isa = XCBuildConfiguration;
			baseConfigurationReference = E1511B87C8906B2793790336 /* Pods.debug.xcconfig */;
			buildSettings = {
				ASSETCATALOG_COMPILER_APPICON_NAME = AppIcon;
				FRAMEWORK_SEARCH_PATHS = (
					"$(inherited)",
					"$(PROJECT_DIR)/build/Debug-iphoneos",
				);
				INFOPLIST_FILE = TickTateChallenge/Info.plist;
				LD_RUNPATH_SEARCH_PATHS = "$(inherited) @executable_path/Frameworks";
				PRODUCT_BUNDLE_IDENTIFIER = ww.TickTateChallenge;
				PRODUCT_NAME = "$(TARGET_NAME)";
			};
			name = Debug;
		};
		E15757E41C3DC66900B58017 /* Release */ = {
			isa = XCBuildConfiguration;
			baseConfigurationReference = CFE1CB7513844C9D50A5A99F /* Pods.release.xcconfig */;
			buildSettings = {
				ASSETCATALOG_COMPILER_APPICON_NAME = AppIcon;
				FRAMEWORK_SEARCH_PATHS = (
					"$(inherited)",
					"$(PROJECT_DIR)/build/Debug-iphoneos",
				);
				INFOPLIST_FILE = TickTateChallenge/Info.plist;
				LD_RUNPATH_SEARCH_PATHS = "$(inherited) @executable_path/Frameworks";
				PRODUCT_BUNDLE_IDENTIFIER = ww.TickTateChallenge;
				PRODUCT_NAME = "$(TARGET_NAME)";
			};
			name = Release;
		};
		E15757E61C3DC66900B58017 /* Debug */ = {
			isa = XCBuildConfiguration;
			buildSettings = {
				BUNDLE_LOADER = "$(TEST_HOST)";
				INFOPLIST_FILE = TickTateChallengeTests/Info.plist;
				LD_RUNPATH_SEARCH_PATHS = "$(inherited) @executable_path/Frameworks @loader_path/Frameworks";
				PRODUCT_BUNDLE_IDENTIFIER = ww.TickTateChallengeTests;
				PRODUCT_NAME = "$(TARGET_NAME)";
				TEST_HOST = "$(BUILT_PRODUCTS_DIR)/TickTateChallenge.app/TickTateChallenge";
			};
			name = Debug;
		};
		E15757E71C3DC66900B58017 /* Release */ = {
			isa = XCBuildConfiguration;
			buildSettings = {
				BUNDLE_LOADER = "$(TEST_HOST)";
				INFOPLIST_FILE = TickTateChallengeTests/Info.plist;
				LD_RUNPATH_SEARCH_PATHS = "$(inherited) @executable_path/Frameworks @loader_path/Frameworks";
				PRODUCT_BUNDLE_IDENTIFIER = ww.TickTateChallengeTests;
				PRODUCT_NAME = "$(TARGET_NAME)";
				TEST_HOST = "$(BUILT_PRODUCTS_DIR)/TickTateChallenge.app/TickTateChallenge";
			};
			name = Release;
		};
		E15757E91C3DC66900B58017 /* Debug */ = {
			isa = XCBuildConfiguration;
			buildSettings = {
				INFOPLIST_FILE = TickTateChallengeUITests/Info.plist;
				LD_RUNPATH_SEARCH_PATHS = "$(inherited) @executable_path/Frameworks @loader_path/Frameworks";
				PRODUCT_BUNDLE_IDENTIFIER = ww.TickTateChallengeUITests;
				PRODUCT_NAME = "$(TARGET_NAME)";
				TEST_TARGET_NAME = TickTateChallenge;
				USES_XCTRUNNER = YES;
			};
			name = Debug;
		};
		E15757EA1C3DC66900B58017 /* Release */ = {
			isa = XCBuildConfiguration;
			buildSettings = {
				INFOPLIST_FILE = TickTateChallengeUITests/Info.plist;
				LD_RUNPATH_SEARCH_PATHS = "$(inherited) @executable_path/Frameworks @loader_path/Frameworks";
				PRODUCT_BUNDLE_IDENTIFIER = ww.TickTateChallengeUITests;
				PRODUCT_NAME = "$(TARGET_NAME)";
				TEST_TARGET_NAME = TickTateChallenge;
				USES_XCTRUNNER = YES;
			};
			name = Release;
		};
/* End XCBuildConfiguration section */

/* Begin XCConfigurationList section */
		E15757B51C3DC66900B58017 /* Build configuration list for PBXProject "TickTateChallenge" */ = {
			isa = XCConfigurationList;
			buildConfigurations = (
				E15757E01C3DC66900B58017 /* Debug */,
				E15757E11C3DC66900B58017 /* Release */,
			);
			defaultConfigurationIsVisible = 0;
			defaultConfigurationName = Release;
		};
		E15757E21C3DC66900B58017 /* Build configuration list for PBXNativeTarget "TickTateChallenge" */ = {
			isa = XCConfigurationList;
			buildConfigurations = (
				E15757E31C3DC66900B58017 /* Debug */,
				E15757E41C3DC66900B58017 /* Release */,
			);
			defaultConfigurationIsVisible = 0;
			defaultConfigurationName = Release;
		};
		E15757E51C3DC66900B58017 /* Build configuration list for PBXNativeTarget "TickTateChallengeTests" */ = {
			isa = XCConfigurationList;
			buildConfigurations = (
				E15757E61C3DC66900B58017 /* Debug */,
				E15757E71C3DC66900B58017 /* Release */,
			);
			defaultConfigurationIsVisible = 0;
			defaultConfigurationName = Release;
		};
		E15757E81C3DC66900B58017 /* Build configuration list for PBXNativeTarget "TickTateChallengeUITests" */ = {
			isa = XCConfigurationList;
			buildConfigurations = (
				E15757E91C3DC66900B58017 /* Debug */,
				E15757EA1C3DC66900B58017 /* Release */,
			);
			defaultConfigurationIsVisible = 0;
			defaultConfigurationName = Release;
		};
/* End XCConfigurationList section */
	};
	rootObject = E15757B21C3DC66900B58017 /* Project object */;
}
